
Microsoft Visual Studio Solution File, Format Version 12.00
# Visual Studio Version 16
VisualStudioVersion = 16.0.29025.244
MinimumVisualStudioVersion = 10.0.40219.1
Project("{FAE04EC0-301F-11D3-BF4B-00C04F79EFBC}") = "Adventure Game", "Adventure Game\Adventure Game.csproj", "{D60F5EAB-2423-446F-9F36-3DF493BA4E84}"
EndProject
Global
	GlobalSection(SolutionConfigurationPlatforms) = preSolution
		Debug|Any CPU = Debug|Any CPU
		Release|Any CPU = Release|Any CPU
	EndGlobalSection
	GlobalSection(ProjectConfigurationPlatforms) = postSolution
		{D60F5EAB-2423-446F-9F36-3DF493BA4E84}.Debug|Any CPU.ActiveCfg = Debug|Any CPU
		{D60F5EAB-2423-446F-9F36-3DF493BA4E84}.Debug|Any CPU.Build.0 = Debug|Any CPU
		{D60F5EAB-2423-446F-9F36-3DF493BA4E84}.Release|Any CPU.ActiveCfg = Release|Any CPU
		{D60F5EAB-2423-446F-9F36-3DF493BA4E84}.Release|Any CPU.Build.0 = Release|Any CPU
	EndGlobalSection
	GlobalSection(SolutionProperties) = preSolution
		HideSolutionNode = FALSE
	EndGlobalSection
	GlobalSection(ExtensibilityGlobals) = postSolution
		SolutionGuid = {54AEF9B6-3C33-4793-8BDE-5964AA6C82A5}
	EndGlobalSection
EndGlobal
